
Microsoft Visual Studio Solution File, Format Version 12.00
# Visual Studio 14
VisualStudioVersion = 14.0.25420.1
MinimumVisualStudioVersion = 10.0.40219.1
Project("{FAE04EC0-301F-11D3-BF4B-00C04F79EFBC}") = "AzureAutoDiscover", "FortiManagerSample\AzureAutoDiscover.csproj", "{BA037A76-1919-4203-827D-59E4B7606F4E}"
EndProject
Global
	GlobalSection(SolutionConfigurationPlatforms) = preSolution
		Debug|Any CPU = Debug|Any CPU
		Release|Any CPU = Release|Any CPU
	EndGlobalSection
	GlobalSection(ProjectConfigurationPlatforms) = postSolution
		{BA037A76-1919-4203-827D-59E4B7606F4E}.Debug|Any CPU.ActiveCfg = Debug|Any CPU
		{BA037A76-1919-4203-827D-59E4B7606F4E}.Debug|Any CPU.Build.0 = Debug|Any CPU
		{BA037A76-1919-4203-827D-59E4B7606F4E}.Release|Any CPU.ActiveCfg = Release|Any CPU
		{BA037A76-1919-4203-827D-59E4B7606F4E}.Release|Any CPU.Build.0 = Release|Any CPU
	EndGlobalSection
	GlobalSection(SolutionProperties) = preSolution
		HideSolutionNode = FALSE
	EndGlobalSection
EndGlobal
